
Microsoft Visual Studio Solution File, Format Version 12.00
# Visual Studio Version 16
VisualStudioVersion = 16.0.31605.320
MinimumVisualStudioVersion = 10.0.40219.1
Project("{FAE04EC0-301F-11D3-BF4B-00C04F79EFBC}") = "WorkingText", "WorkingText\WorkingText.csproj", "{14F2D482-297D-4198-B268-6C4681A92FFB}"
EndProject
Global
	GlobalSection(SolutionConfigurationPlatforms) = preSolution
		Debug|Any CPU = Debug|Any CPU
		Release|Any CPU = Release|Any CPU
	EndGlobalSection
	GlobalSection(ProjectConfigurationPlatforms) = postSolution
		{14F2D482-297D-4198-B268-6C4681A92FFB}.Debug|Any CPU.ActiveCfg = Debug|Any CPU
		{14F2D482-297D-4198-B268-6C4681A92FFB}.Debug|Any CPU.Build.0 = Debug|Any CPU
		{14F2D482-297D-4198-B268-6C4681A92FFB}.Release|Any CPU.ActiveCfg = Release|Any CPU
		{14F2D482-297D-4198-B268-6C4681A92FFB}.Release|Any CPU.Build.0 = Release|Any CPU
	EndGlobalSection
	GlobalSection(SolutionProperties) = preSolution
		HideSolutionNode = FALSE
	EndGlobalSection
	GlobalSection(ExtensibilityGlobals) = postSolution
		SolutionGuid = {41950F3B-23D5-466C-9CFC-B47AA6D122BD}
	EndGlobalSection
EndGlobal
